
Microsoft Visual Studio Solution File, Format Version 12.00
# Visual Studio Version 17
VisualStudioVersion = 17.0.31903.59
MinimumVisualStudioVersion = 10.0.40219.1
Project("{FAE04EC0-301F-11D3-BF4B-00C04F79EFBC}") = "API", "API\API.csproj", "{6AA7DF1D-EEA8-48CA-9EBC-76746380F654}"
EndProject
Project("{FAE04EC0-301F-11D3-BF4B-00C04F79EFBC}") = "Core", "Core\Core.csproj", "{A36FD602-BA4B-45D3-98C7-2E496342F6A3}"
EndProject
Project("{FAE04EC0-301F-11D3-BF4B-00C04F79EFBC}") = "Infrastructure", "Infrastructure\Infrastructure.csproj", "{B52FB3EA-1CAD-448E-BB83-3B30D642E32A}"
EndProject
Global
	GlobalSection(SolutionConfigurationPlatforms) = preSolution
		Debug|Any CPU = Debug|Any CPU
		Release|Any CPU = Release|Any CPU
	EndGlobalSection
	GlobalSection(SolutionProperties) = preSolution
		HideSolutionNode = FALSE
	EndGlobalSection
	GlobalSection(ProjectConfigurationPlatforms) = postSolution
		{6AA7DF1D-EEA8-48CA-9EBC-76746380F654}.Debug|Any CPU.ActiveCfg = Debug|Any CPU
		{6AA7DF1D-EEA8-48CA-9EBC-76746380F654}.Debug|Any CPU.Build.0 = Debug|Any CPU
		{6AA7DF1D-EEA8-48CA-9EBC-76746380F654}.Release|Any CPU.ActiveCfg = Release|Any CPU
		{6AA7DF1D-EEA8-48CA-9EBC-76746380F654}.Release|Any CPU.Build.0 = Release|Any CPU
		{A36FD602-BA4B-45D3-98C7-2E496342F6A3}.Debug|Any CPU.ActiveCfg = Debug|Any CPU
		{A36FD602-BA4B-45D3-98C7-2E496342F6A3}.Debug|Any CPU.Build.0 = Debug|Any CPU
		{A36FD602-BA4B-45D3-98C7-2E496342F6A3}.Release|Any CPU.ActiveCfg = Release|Any CPU
		{A36FD602-BA4B-45D3-98C7-2E496342F6A3}.Release|Any CPU.Build.0 = Release|Any CPU
		{B52FB3EA-1CAD-448E-BB83-3B30D642E32A}.Debug|Any CPU.ActiveCfg = Debug|Any CPU
		{B52FB3EA-1CAD-448E-BB83-3B30D642E32A}.Debug|Any CPU.Build.0 = Debug|Any CPU
		{B52FB3EA-1CAD-448E-BB83-3B30D642E32A}.Release|Any CPU.ActiveCfg = Release|Any CPU
		{B52FB3EA-1CAD-448E-BB83-3B30D642E32A}.Release|Any CPU.Build.0 = Release|Any CPU
	EndGlobalSection
EndGlobal
